{
  "version": 4,
  "terraform_version": "1.5.1",
  "serial": 11,
  "lineage": "49dcca20-f52a-c1ee-9b90-54e90f69e5e4",
  "outputs": {},
  "resources": [
    {
      "mode": "data",
      "type": "digitalocean_ssh_key",
      "name": "www-1",
      "provider": "provider[\"registry.terraform.io/digitalocean/digitalocean\"]",
      "instances": [
        {
          "schema_version": 0,
          "attributes": {
            "fingerprint": "a6:90:e5:26:2c:16:d7:24:68:8b:f3:95:66:fd:85:5f",
            "id": 38677914,
            "name": "www-1",
            "public_key": "ssh-rsa AAAAB3NzaC1yc2EAAAADAQABAAABgQCzV6SPOU0cJtkvp+YL3u2lXEAQZcydtpH1q1fuK7sw5o8wdMHfXlVyh54gPXUZsdaTLNpedKxp6uJNJ2EiwsqUeHiUANJulfqgpcz8alayAQ6uoAzCn9A495t072X5eXpMVRd3Y3jb/sD2JVjsqTufZMY/FUah6wTsqNIuVwbKEdJP+/PMpHc2BMEH014fyR7GIGpNMyr5i0no/lNziFFC4+J9R8Js21VLQFaIIGifRdGpLYb18K4y9375oIckwY/0q7oA6X2AueOPc/QM8iTQJUQ6no+P4JU8Rum5j07Z5KkMrwQrXq27YtPwTO99sBHzB5NEzu84ZxAxzWGdhxOBkQy9nBaaFcDrgcMSpISB9D/UPgUhoQL00EX3qdvys3B1UB6FnDkL5dF7rElUsAFWuRS7ZiPYVjwxeA1FfqgHAW5GbhUFzz9mLd591ybC/XJOK19RPJN/GIiYpl9QfHUJpVMpF5FBCXMGHrHGyrs70rxUE/+fJUDHRFprWUqWYQU= root@ubuntu-s-1vcpu-512mb-10gb-sgp1-01"
          },
          "sensitive_attributes": []
        }
      ]
    },
    {
      "mode": "managed",
      "type": "digitalocean_droplet",
      "name": "www-1",
      "provider": "provider[\"registry.terraform.io/digitalocean/digitalocean\"]",
      "instances": [
        {
          "schema_version": 1,
          "attributes": {
            "backups": false,
            "created_at": "2023-06-25T17:23:35Z",
            "disk": 25,
            "droplet_agent": null,
            "graceful_shutdown": false,
            "id": "362272603",
            "image": "ubuntu-20-04-x64",
            "ipv4_address": "143.198.195.101",
            "ipv4_address_private": "10.104.0.5",
            "ipv6": false,
            "ipv6_address": "",
            "locked": false,
            "memory": 1024,
            "monitoring": false,
            "name": "www-1",
            "price_hourly": 0.00893,
            "price_monthly": 6,
            "private_networking": true,
            "region": "sgp1",
            "resize_disk": true,
            "size": "s-1vcpu-1gb",
            "ssh_keys": [
              "38677914"
            ],
            "status": "active",
            "tags": [],
            "timeouts": null,
            "urn": "do:droplet:362272603",
            "user_data": null,
            "vcpus": 1,
            "volume_ids": [],
            "vpc_uuid": "9e435e11-3139-4d6c-b95d-eee10aebec47"
          },
          "sensitive_attributes": [],
          "private": "eyJlMmJmYjczMC1lY2FhLTExZTYtOGY4OC0zNDM2M2JjN2M0YzAiOnsiY3JlYXRlIjozNjAwMDAwMDAwMDAwLCJkZWxldGUiOjYwMDAwMDAwMDAwLCJ1cGRhdGUiOjM2MDAwMDAwMDAwMDB9LCJzY2hlbWFfdmVyc2lvbiI6IjEifQ==",
          "dependencies": [
            "data.digitalocean_ssh_key.www-1"
          ]
        }
      ]
    },
    {
      "mode": "managed",
      "type": "digitalocean_droplet",
      "name": "www-2",
      "provider": "provider[\"registry.terraform.io/digitalocean/digitalocean\"]",
      "instances": [
        {
          "schema_version": 1,
          "attributes": {
            "backups": false,
            "created_at": "2023-06-25T17:27:40Z",
            "disk": 25,
            "droplet_agent": null,
            "graceful_shutdown": false,
            "id": "362272813",
            "image": "ubuntu-20-04-x64",
            "ipv4_address": "157.245.56.244",
            "ipv4_address_private": "10.104.0.6",
            "ipv6": false,
            "ipv6_address": "",
            "locked": false,
            "memory": 1024,
            "monitoring": false,
            "name": "www-2",
            "price_hourly": 0.00893,
            "price_monthly": 6,
            "private_networking": true,
            "region": "sgp1",
            "resize_disk": true,
            "size": "s-1vcpu-1gb",
            "ssh_keys": [
              "38677914"
            ],
            "status": "active",
            "tags": [],
            "timeouts": null,
            "urn": "do:droplet:362272813",
            "user_data": null,
            "vcpus": 1,
            "volume_ids": [],
            "vpc_uuid": "9e435e11-3139-4d6c-b95d-eee10aebec47"
          },
          "sensitive_attributes": [],
          "private": "eyJlMmJmYjczMC1lY2FhLTExZTYtOGY4OC0zNDM2M2JjN2M0YzAiOnsiY3JlYXRlIjozNjAwMDAwMDAwMDAwLCJkZWxldGUiOjYwMDAwMDAwMDAwLCJ1cGRhdGUiOjM2MDAwMDAwMDAwMDB9LCJzY2hlbWFfdmVyc2lvbiI6IjEifQ==",
          "dependencies": [
            "data.digitalocean_ssh_key.www-1"
          ]
        }
      ]
    },
    {
      "mode": "managed",
      "type": "digitalocean_loadbalancer",
      "name": "www-lb",
      "provider": "provider[\"registry.terraform.io/digitalocean/digitalocean\"]",
      "instances": [
        {
          "schema_version": 1,
          "attributes": {
            "algorithm": "round_robin",
            "disable_lets_encrypt_dns_records": false,
            "droplet_ids": [
              362272603,
              362272813
            ],
            "droplet_tag": "",
            "enable_backend_keepalive": false,
            "enable_proxy_protocol": false,
            "firewall": [],
            "forwarding_rule": [
              {
                "certificate_id": "",
                "certificate_name": "",
                "entry_port": 80,
                "entry_protocol": "http",
                "target_port": 80,
                "target_protocol": "http",
                "tls_passthrough": false
              }
            ],
            "healthcheck": [
              {
                "check_interval_seconds": 10,
                "healthy_threshold": 5,
                "path": "",
                "port": 22,
                "protocol": "tcp",
                "response_timeout_seconds": 5,
                "unhealthy_threshold": 3
              }
            ],
            "http_idle_timeout_seconds": 60,
            "id": "2fc035a9-26e2-4733-a7f2-db2a735651fe",
            "ip": "146.190.202.238",
            "name": "www-lb",
            "project_id": "e00a5a12-0673-4270-88e3-b155ac15075a",
            "redirect_http_to_https": false,
            "region": "sgp1",
            "size": null,
            "size_unit": 1,
            "status": "active",
            "sticky_sessions": [
              {
                "cookie_name": "",
                "cookie_ttl_seconds": 0,
                "type": "none"
              }
            ],
            "urn": "do:loadbalancer:2fc035a9-26e2-4733-a7f2-db2a735651fe",
            "vpc_uuid": "9e435e11-3139-4d6c-b95d-eee10aebec47"
          },
          "sensitive_attributes": [],
          "private": "eyJzY2hlbWFfdmVyc2lvbiI6IjEifQ==",
          "dependencies": [
            "digitalocean_droplet.www-1",
            "digitalocean_droplet.www-2"
          ]
        }
      ]
    }
  ],
  "check_results": null
}
