{
  "version": 4,
  "terraform_version": "1.5.1",
  "serial": 4,
  "lineage": "aa7160a9-b515-2a29-1dce-c4b0cb83fc84",
  "outputs": {
    "codeserver_ip": {
      "value": "128.199.81.204",
      "type": "string"
    }
  },
  "resources": [
    {
      "mode": "data",
      "type": "digitalocean_ssh_key",
      "name": "www-1",
      "provider": "provider[\"registry.terraform.io/digitalocean/digitalocean\"]",
      "instances": [
        {
          "schema_version": 0,
          "attributes": {
            "fingerprint": "a6:90:e5:26:2c:16:d7:24:68:8b:f3:95:66:fd:85:5f",
            "id": 38677914,
            "name": "www-1",
            "public_key": "ssh-rsa AAAAB3NzaC1yc2EAAAADAQABAAABgQCzV6SPOU0cJtkvp+YL3u2lXEAQZcydtpH1q1fuK7sw5o8wdMHfXlVyh54gPXUZsdaTLNpedKxp6uJNJ2EiwsqUeHiUANJulfqgpcz8alayAQ6uoAzCn9A495t072X5eXpMVRd3Y3jb/sD2JVjsqTufZMY/FUah6wTsqNIuVwbKEdJP+/PMpHc2BMEH014fyR7GIGpNMyr5i0no/lNziFFC4+J9R8Js21VLQFaIIGifRdGpLYb18K4y9375oIckwY/0q7oA6X2AueOPc/QM8iTQJUQ6no+P4JU8Rum5j07Z5KkMrwQrXq27YtPwTO99sBHzB5NEzu84ZxAxzWGdhxOBkQy9nBaaFcDrgcMSpISB9D/UPgUhoQL00EX3qdvys3B1UB6FnDkL5dF7rElUsAFWuRS7ZiPYVjwxeA1FfqgHAW5GbhUFzz9mLd591ybC/XJOK19RPJN/GIiYpl9QfHUJpVMpF5FBCXMGHrHGyrs70rxUE/+fJUDHRFprWUqWYQU= root@ubuntu-s-1vcpu-512mb-10gb-sgp1-01"
          },
          "sensitive_attributes": []
        }
      ]
    },
    {
      "mode": "managed",
      "type": "digitalocean_droplet",
      "name": "codeserver",
      "provider": "provider[\"registry.terraform.io/digitalocean/digitalocean\"]",
      "instances": [
        {
          "schema_version": 1,
          "attributes": {
            "backups": false,
            "created_at": "2023-06-27T05:47:37Z",
            "disk": 25,
            "droplet_agent": null,
            "graceful_shutdown": false,
            "id": "362475889",
            "image": "ubuntu-20-04-x64",
            "ipv4_address": "128.199.81.204",
            "ipv4_address_private": "10.104.0.5",
            "ipv6": false,
            "ipv6_address": "",
            "locked": false,
            "memory": 1024,
            "monitoring": false,
            "name": "codeserver",
            "price_hourly": 0.00893,
            "price_monthly": 6,
            "private_networking": true,
            "region": "sgp1",
            "resize_disk": true,
            "size": "s-1vcpu-1gb",
            "ssh_keys": [
              "38677914"
            ],
            "status": "active",
            "tags": null,
            "timeouts": null,
            "urn": "do:droplet:362475889",
            "user_data": null,
            "vcpus": 1,
            "volume_ids": [],
            "vpc_uuid": "9e435e11-3139-4d6c-b95d-eee10aebec47"
          },
          "sensitive_attributes": [],
          "private": "eyJlMmJmYjczMC1lY2FhLTExZTYtOGY4OC0zNDM2M2JjN2M0YzAiOnsiY3JlYXRlIjozNjAwMDAwMDAwMDAwLCJkZWxldGUiOjYwMDAwMDAwMDAwLCJ1cGRhdGUiOjM2MDAwMDAwMDAwMDB9LCJzY2hlbWFfdmVyc2lvbiI6IjEifQ==",
          "dependencies": [
            "data.digitalocean_ssh_key.www-1"
          ]
        }
      ]
    },
    {
      "mode": "managed",
      "type": "local_file",
      "name": "inventory",
      "provider": "provider[\"registry.terraform.io/hashicorp/local\"]",
      "instances": [
        {
          "schema_version": 0,
          "attributes": {
            "content": "all:\n    vars:\n        ansible_connection: ssh\n        ansible_user: root\n        ansible_ssh_private_key: /root/.ssh/id_rsa\n    hosts:\n        codeserver:\n            ansible_host: 128.199.81.204\n            codeserver_domain: code-server-128.199.81.204.nip.io\n            codeserver_password : password123456\n",
            "content_base64": null,
            "content_base64sha256": "YlItFkJXS3nKTWZX8SZKO8UaJ+6dMfePrBX9ektBp94=",
            "content_base64sha512": "PUzKvOGA0YQNXIQ0O4+Cb53rLThCJFqf7ndDja2uQV7vcknwtxxtjnJ01yWru8ktIJrdEeADhPiTcHcFNQt9xw==",
            "content_md5": "b08e9b0570886e45d087a54e4f7320c3",
            "content_sha1": "ef095c043059d93b2354cacb7ec945201c0e4cd2",
            "content_sha256": "62522d1642574b79ca4d6657f1264a3bc51a27ee9d31f78fac15fd7a4b41a7de",
            "content_sha512": "3d4ccabce180d1840d5c84343b8f826f9deb2d3842245a9fee77438dadae415eef7249f0b71c6d8e7274d725abbbc92d209add11e00384f893707705350b7dc7",
            "directory_permission": "0777",
            "file_permission": "0444",
            "filename": "inventory.yaml",
            "id": "ef095c043059d93b2354cacb7ec945201c0e4cd2",
            "sensitive_content": null,
            "source": null
          },
          "sensitive_attributes": [],
          "dependencies": [
            "data.digitalocean_ssh_key.www-1",
            "digitalocean_droplet.codeserver"
          ]
        }
      ]
    },
    {
      "mode": "managed",
      "type": "local_file",
      "name": "root_at_codeserver",
      "provider": "provider[\"registry.terraform.io/hashicorp/local\"]",
      "instances": [
        {
          "schema_version": 0,
          "attributes": {
            "content": "",
            "content_base64": null,
            "content_base64sha256": "47DEQpj8HBSa+/TImW+5JCeuQeRkm5NMpJWZG3hSuFU=",
            "content_base64sha512": "z4PhNX7vuL3xVChQ1m2AB9Yg5AULVxXcg/SpIdNs6c5H0NE8XYXysP+DGNKHfuwvY7kxvUdBeoGlODJ6+SfaPg==",
            "content_md5": "d41d8cd98f00b204e9800998ecf8427e",
            "content_sha1": "da39a3ee5e6b4b0d3255bfef95601890afd80709",
            "content_sha256": "e3b0c44298fc1c149afbf4c8996fb92427ae41e4649b934ca495991b7852b855",
            "content_sha512": "cf83e1357eefb8bdf1542850d66d8007d620e4050b5715dc83f4a921d36ce9ce47d0d13c5d85f2b0ff8318d2877eec2f63b931bd47417a81a538327af927da3e",
            "directory_permission": "0777",
            "file_permission": "0444",
            "filename": "root@128.199.81.204",
            "id": "da39a3ee5e6b4b0d3255bfef95601890afd80709",
            "sensitive_content": null,
            "source": null
          },
          "sensitive_attributes": [],
          "dependencies": [
            "data.digitalocean_ssh_key.www-1",
            "digitalocean_droplet.codeserver"
          ]
        }
      ]
    }
  ],
  "check_results": null
}
